[root]
name = "tclscan"
version = "0.0.1"
dependencies = [
 "docopt 0.6.34 (registry+https://github.com/rust-lang/crates.io-index)",
 "docopt_macros 0.6.34 (registry+https://github.com/rust-lang/crates.io-index)",
 "rust-bindgen 0.13.0 (git+https://github.com/crabtw/rust-bindgen.git)",
 "rustc-serialize 0.2.12 (registry+https://github.com/rust-lang/crates.io-index)",
]

[[package]]
name = "docopt"
version = "0.6.34"
source = "registry+https://github.com/rust-lang/crates.io-index"
dependencies = [
 "regex 0.1.13 (registry+https://github.com/rust-lang/crates.io-index)",
 "rustc-serialize 0.2.12 (registry+https://github.com/rust-lang/crates.io-index)",
]

[[package]]
name = "docopt_macros"
version = "0.6.34"
source = "registry+https://github.com/rust-lang/crates.io-index"
dependencies = [
 "docopt 0.6.34 (registry+https://github.com/rust-lang/crates.io-index)",
]

[[package]]
name = "regex"
version = "0.1.13"
source = "registry+https://github.com/rust-lang/crates.io-index"

[[package]]
name = "rust-bindgen"
version = "0.13.0"
source = "git+https://github.com/crabtw/rust-bindgen.git#a7adb21c3b6341188507157b76e47a4f518a42cb"

[[package]]
name = "rustc-serialize"
version = "0.2.12"
source = "registry+https://github.com/rust-lang/crates.io-index"

