[root]
name = "tclscan"
version = "0.0.1"
dependencies = [
 "rust-bindgen 0.13.0 (git+https://github.com/aidanhs/rust-bindgen.git?ref=aphs-unsafety)",
]

[[package]]
name = "rust-bindgen"
version = "0.13.0"
source = "git+https://github.com/aidanhs/rust-bindgen.git?ref=aphs-unsafety#c2691c54e040bdf1efc5f546611151582769729f"

